// !$*UTF8*$!
{
	archiveVersion = 1;
	classes = {
	};
	objectVersion = 46;
	objects = {

/* Begin PBXAggregateTarget section */
		2A4EF13F1F56910500F7B80B /* Orclint */ = {
			isa = PBXAggregateTarget;
			buildConfigurationList = 2A4EF1401F56910500F7B80B /* Build configuration list for PBXAggregateTarget "Orclint" */;
			buildPhases = (
				2A4EF1431F56910F00F7B80B /* ShellScript */,
			);
			dependencies = (
			);
			name = Orclint;
			productName = Orclint;
		};
/* End PBXAggregateTarget section */

/* Begin PBXBuildFile section */
		2A4EF10E1F5690D800F7B80B /* main.m in Sources */ = {isa = PBXBuildFile; fileRef = 2A4EF10D1F5690D800F7B80B /* main.m */; };
		2A4EF1111F5690D800F7B80B /* AppDelegate.m in Sources */ = {isa = PBXBuildFile; fileRef = 2A4EF1101F5690D800F7B80B /* AppDelegate.m */; };
		2A4EF1141F5690D800F7B80B /* ViewController.m in Sources */ = {isa = PBXBuildFile; fileRef = 2A4EF1131F5690D800F7B80B /* ViewController.m */; };
		2A4EF1171F5690D800F7B80B /* Main.storyboard in Resources */ = {isa = PBXBuildFile; fileRef = 2A4EF1151F5690D800F7B80B /* Main.storyboard */; };
		2A4EF1191F5690D800F7B80B /* Assets.xcassets in Resources */ = {isa = PBXBuildFile; fileRef = 2A4EF1181F5690D800F7B80B /* Assets.xcassets */; };
		2A4EF11C1F5690D800F7B80B /* LaunchScreen.storyboard in Resources */ = {isa = PBXBuildFile; fileRef = 2A4EF11A1F5690D800F7B80B /* LaunchScreen.storyboard */; };
		2A4EF1271F5690D800F7B80B /* TescOrclintTests.m in Sources */ = {isa = PBXBuildFile; fileRef = 2A4EF1261F5690D800F7B80B /* TescOrclintTests.m */; };
		2A4EF1321F5690D800F7B80B /* TescOrclintUITests.m in Sources */ = {isa = PBXBuildFile; fileRef = 2A4EF1311F5690D800F7B80B /* TescOrclintUITests.m */; };
		2A4EF1461F56968100F7B80B /* CCeairCard.m in Sources */ = {isa = PBXBuildFile; fileRef = 2A4EF1451F56968100F7B80B /* CCeairCard.m */; };
/* End PBXBuildFile section */

/* Begin PBXContainerItemProxy section */
		2A4EF1231F5690D800F7B80B /* PBXContainerItemProxy */ = {
			isa = PBXContainerItemProxy;
			containerPortal = 2A4EF1011F5690D800F7B80B /* Project object */;
			proxyType = 1;
			remoteGlobalIDString = 2A4EF1081F5690D800F7B80B;
			remoteInfo = TescOrclint;
		};
		2A4EF12E1F5690D800F7B80B /* PBXContainerItemProxy */ = {
			isa = PBXContainerItemProxy;
			containerPortal = 2A4EF1011F5690D800F7B80B /* Project object */;
			proxyType = 1;
			remoteGlobalIDString = 2A4EF1081F5690D800F7B80B;
			remoteInfo = TescOrclint;
		};
/* End PBXContainerItemProxy section */

/* Begin PBXFileReference section */
		2A4EF1091F5690D800F7B80B /* TescOrclint.app */ = {isa = PBXFileReference; explicitFileType = wrapper.application; includeInIndex = 0; path = TescOrclint.app; sourceTree = BUILT_PRODUCTS_DIR; };
		2A4EF10D1F5690D800F7B80B /* main.m */ = {isa = PBXFileReference; lastKnownFileType = sourcecode.c.objc; path = main.m; sourceTree = "<group>"; };
		2A4EF10F1F5690D800F7B80B /* AppDelegate.h */ = {isa = PBXFileReference; lastKnownFileType = sourcecode.c.h; path = AppDelegate.h; sourceTree = "<group>"; };
		2A4EF1101F5690D800F7B80B /* AppDelegate.m */ = {isa = PBXFileReference; lastKnownFileType = sourcecode.c.objc; path = AppDelegate.m; sourceTree = "<group>"; };
		2A4EF1121F5690D800F7B80B /* ViewController.h */ = {isa = PBXFileReference; lastKnownFileType = sourcecode.c.h; path = ViewController.h; sourceTree = "<group>"; };
		2A4EF1131F5690D800F7B80B /* ViewController.m */ = {isa = PBXFileReference; lastKnownFileType = sourcecode.c.objc; path = ViewController.m; sourceTree = "<group>"; };
		2A4EF1161F5690D800F7B80B /* Base */ = {isa = PBXFileReference; lastKnownFileType = file.storyboard; name = Base; path = Base.lproj/Main.storyboard; sourceTree = "<group>"; };
		2A4EF1181F5690D800F7B80B /* Assets.xcassets */ = {isa = PBXFileReference; lastKnownFileType = folder.assetcatalog; path = Assets.xcassets; sourceTree = "<group>"; };
		2A4EF11B1F5690D800F7B80B /* Base */ = {isa = PBXFileReference; lastKnownFileType = file.storyboard; name = Base; path = Base.lproj/LaunchScreen.storyboard; sourceTree = "<group>"; };
		2A4EF11D1F5690D800F7B80B /* Info.plist */ = {isa = PBXFileReference; lastKnownFileType = text.plist.xml; path = Info.plist; sourceTree = "<group>"; };
		2A4EF1221F5690D800F7B80B /* TescOrclintTests.xctest */ = {isa = PBXFileReference; explicitFileType = wrapper.cfbundle; includeInIndex = 0; path = TescOrclintTests.xctest; sourceTree = BUILT_PRODUCTS_DIR; };
		2A4EF1261F5690D800F7B80B /* TescOrclintTests.m */ = {isa = PBXFileReference; lastKnownFileType = sourcecode.c.objc; path = TescOrclintTests.m; sourceTree = "<group>"; };
		2A4EF1281F5690D800F7B80B /* Info.plist */ = {isa = PBXFileReference; lastKnownFileType = text.plist.xml; path = Info.plist; sourceTree = "<group>"; };
		2A4EF12D1F5690D800F7B80B /* TescOrclintUITests.xctest */ = {isa = PBXFileReference; explicitFileType = wrapper.cfbundle; includeInIndex = 0; path = TescOrclintUITests.xctest; sourceTree = BUILT_PRODUCTS_DIR; };
		2A4EF1311F5690D800F7B80B /* TescOrclintUITests.m */ = {isa = PBXFileReference; lastKnownFileType = sourcecode.c.objc; path = TescOrclintUITests.m; sourceTree = "<group>"; };
		2A4EF1331F5690D800F7B80B /* Info.plist */ = {isa = PBXFileReference; lastKnownFileType = text.plist.xml; path = Info.plist; sourceTree = "<group>"; };
		2A4EF1441F56968100F7B80B /* CCeairCard.h */ = {isa = PBXFileReference; fileEncoding = 4; lastKnownFileType = sourcecode.c.h; path = CCeairCard.h; sourceTree = "<group>"; };
		2A4EF1451F56968100F7B80B /* CCeairCard.m */ = {isa = PBXFileReference; fileEncoding = 4; lastKnownFileType = sourcecode.c.objc; path = CCeairCard.m; sourceTree = "<group>"; };
/* End PBXFileReference section */

/* Begin PBXFrameworksBuildPhase section */
		2A4EF1061F5690D800F7B80B /* Frameworks */ = {
			isa = PBXFrameworksBuildPhase;
			buildActionMask = 2147483647;
			files = (
			);
			runOnlyForDeploymentPostprocessing = 0;
		};
		2A4EF11F1F5690D800F7B80B /* Frameworks */ = {
			isa = PBXFrameworksBuildPhase;
			buildActionMask = 2147483647;
			files = (
			);
			runOnlyForDeploymentPostprocessing = 0;
		};
		2A4EF12A1F5690D800F7B80B /* Frameworks */ = {
			isa = PBXFrameworksBuildPhase;
			buildActionMask = 2147483647;
			files = (
			);
			runOnlyForDeploymentPostprocessing = 0;
		};
/* End PBXFrameworksBuildPhase section */

/* Begin PBXGroup section */
		2A4EF1001F5690D800F7B80B = {
			isa = PBXGroup;
			children = (
				2A4EF10B1F5690D800F7B80B /* TescOrclint */,
				2A4EF1251F5690D800F7B80B /* TescOrclintTests */,
				2A4EF1301F5690D800F7B80B /* TescOrclintUITests */,
				2A4EF10A1F5690D800F7B80B /* Products */,
			);
			sourceTree = "<group>";
		};
		2A4EF10A1F5690D800F7B80B /* Products */ = {
			isa = PBXGroup;
			children = (
				2A4EF1091F5690D800F7B80B /* TescOrclint.app */,
				2A4EF1221F5690D800F7B80B /* TescOrclintTests.xctest */,
				2A4EF12D1F5690D800F7B80B /* TescOrclintUITests.xctest */,
			);
			name = Products;
			sourceTree = "<group>";
		};
		2A4EF10B1F5690D800F7B80B /* TescOrclint */ = {
			isa = PBXGroup;
			children = (
				2A4EF10F1F5690D800F7B80B /* AppDelegate.h */,
				2A4EF1101F5690D800F7B80B /* AppDelegate.m */,
				2A4EF1121F5690D800F7B80B /* ViewController.h */,
				2A4EF1131F5690D800F7B80B /* ViewController.m */,
				2A4EF1441F56968100F7B80B /* CCeairCard.h */,
				2A4EF1451F56968100F7B80B /* CCeairCard.m */,
				2A4EF1151F5690D800F7B80B /* Main.storyboard */,
				2A4EF1181F5690D800F7B80B /* Assets.xcassets */,
				2A4EF11A1F5690D800F7B80B /* LaunchScreen.storyboard */,
				2A4EF11D1F5690D800F7B80B /* Info.plist */,
				2A4EF10C1F5690D800F7B80B /* Supporting Files */,
			);
			path = TescOrclint;
			sourceTree = "<group>";
		};
		2A4EF10C1F5690D800F7B80B /* Supporting Files */ = {
			isa = PBXGroup;
			children = (
				2A4EF10D1F5690D800F7B80B /* main.m */,
			);
			name = "Supporting Files";
			sourceTree = "<group>";
		};
		2A4EF1251F5690D800F7B80B /* TescOrclintTests */ = {
			isa = PBXGroup;
			children = (
				2A4EF1261F5690D800F7B80B /* TescOrclintTests.m */,
				2A4EF1281F5690D800F7B80B /* Info.plist */,
			);
			path = TescOrclintTests;
			sourceTree = "<group>";
		};
		2A4EF1301F5690D800F7B80B /* TescOrclintUITests */ = {
			isa = PBXGroup;
			children = (
				2A4EF1311F5690D800F7B80B /* TescOrclintUITests.m */,
				2A4EF1331F5690D800F7B80B /* Info.plist */,
			);
			path = TescOrclintUITests;
			sourceTree = "<group>";
		};
/* End PBXGroup section */

/* Begin PBXNativeTarget section */
		2A4EF1081F5690D800F7B80B /* TescOrclint */ = {
			isa = PBXNativeTarget;
			buildConfigurationList = 2A4EF1361F5690D800F7B80B /* Build configuration list for PBXNativeTarget "TescOrclint" */;
			buildPhases = (
				2A4EF1051F5690D800F7B80B /* Sources */,
				2A4EF1061F5690D800F7B80B /* Frameworks */,
				2A4EF1071F5690D800F7B80B /* Resources */,
			);
			buildRules = (
			);
			dependencies = (
			);
			name = TescOrclint;
			productName = TescOrclint;
			productReference = 2A4EF1091F5690D800F7B80B /* TescOrclint.app */;
			productType = "com.apple.product-type.application";
		};
		2A4EF1211F5690D800F7B80B /* TescOrclintTests */ = {
			isa = PBXNativeTarget;
			buildConfigurationList = 2A4EF1391F5690D800F7B80B /* Build configuration list for PBXNativeTarget "TescOrclintTests" */;
			buildPhases = (
				2A4EF11E1F5690D800F7B80B /* Sources */,
				2A4EF11F1F5690D800F7B80B /* Frameworks */,
				2A4EF1201F5690D800F7B80B /* Resources */,
			);
			buildRules = (
			);
			dependencies = (
				2A4EF1241F5690D800F7B80B /* PBXTargetDependency */,
			);
			name = TescOrclintTests;
			productName = TescOrclintTests;
			productReference = 2A4EF1221F5690D800F7B80B /* TescOrclintTests.xctest */;
			productType = "com.apple.product-type.bundle.unit-test";
		};
		2A4EF12C1F5690D800F7B80B /* TescOrclintUITests */ = {
			isa = PBXNativeTarget;
			buildConfigurationList = 2A4EF13C1F5690D800F7B80B /* Build configuration list for PBXNativeTarget "TescOrclintUITests" */;
			buildPhases = (
				2A4EF1291F5690D800F7B80B /* Sources */,
				2A4EF12A1F5690D800F7B80B /* Frameworks */,
				2A4EF12B1F5690D800F7B80B /* Resources */,
			);
			buildRules = (
			);
			dependencies = (
				2A4EF12F1F5690D800F7B80B /* PBXTargetDependency */,
			);
			name = TescOrclintUITests;
			productName = TescOrclintUITests;
			productReference = 2A4EF12D1F5690D800F7B80B /* TescOrclintUITests.xctest */;
			productType = "com.apple.product-type.bundle.ui-testing";
		};
/* End PBXNativeTarget section */

/* Begin PBXProject section */
		2A4EF1011F5690D800F7B80B /* Project object */ = {
			isa = PBXProject;
			attributes = {
				LastUpgradeCheck = 0830;
				ORGANIZATIONNAME = wupei;
				TargetAttributes = {
					2A4EF1081F5690D800F7B80B = {
						CreatedOnToolsVersion = 8.3.2;
						DevelopmentTeam = 4C4L6T978X;
						ProvisioningStyle = Automatic;
					};
					2A4EF1211F5690D800F7B80B = {
						CreatedOnToolsVersion = 8.3.2;
						ProvisioningStyle = Automatic;
						TestTargetID = 2A4EF1081F5690D800F7B80B;
					};
					2A4EF12C1F5690D800F7B80B = {
						CreatedOnToolsVersion = 8.3.2;
						ProvisioningStyle = Automatic;
						TestTargetID = 2A4EF1081F5690D800F7B80B;
					};
					2A4EF13F1F56910500F7B80B = {
						CreatedOnToolsVersion = 8.3.2;
						ProvisioningStyle = Automatic;
					};
				};
			};
			buildConfigurationList = 2A4EF1041F5690D800F7B80B /* Build configuration list for PBXProject "TescOrclint" */;
			compatibilityVersion = "Xcode 3.2";
			developmentRegion = English;
			hasScannedForEncodings = 0;
			knownRegions = (
				en,
				Base,
			);
			mainGroup = 2A4EF1001F5690D800F7B80B;
			productRefGroup = 2A4EF10A1F5690D800F7B80B /* Products */;
			projectDirPath = "";
			projectRoot = "";
			targets = (
				2A4EF1081F5690D800F7B80B /* TescOrclint */,
				2A4EF1211F5690D800F7B80B /* TescOrclintTests */,
				2A4EF12C1F5690D800F7B80B /* TescOrclintUITests */,
				2A4EF13F1F56910500F7B80B /* Orclint */,
			);
		};
/* End PBXProject section */

/* Begin PBXResourcesBuildPhase section */
		2A4EF1071F5690D800F7B80B /* Resources */ = {
			isa = PBXResourcesBuildPhase;
			buildActionMask = 2147483647;
			files = (
				2A4EF11C1F5690D800F7B80B /* LaunchScreen.storyboard in Resources */,
				2A4EF1191F5690D800F7B80B /* Assets.xcassets in Resources */,
				2A4EF1171F5690D800F7B80B /* Main.storyboard in Resources */,
			);
			runOnlyForDeploymentPostprocessing = 0;
		};
		2A4EF1201F5690D800F7B80B /* Resources */ = {
			isa = PBXResourcesBuildPhase;
			buildActionMask = 2147483647;
			files = (
			);
			runOnlyForDeploymentPostprocessing = 0;
		};
		2A4EF12B1F5690D800F7B80B /* Resources */ = {
			isa = PBXResourcesBuildPhase;
			buildActionMask = 2147483647;
			files = (
			);
			runOnlyForDeploymentPostprocessing = 0;
		};
/* End PBXResourcesBuildPhase section */

/* Begin PBXShellScriptBuildPhase section */
		2A4EF1431F56910F00F7B80B /* ShellScript */ = {
			isa = PBXShellScriptBuildPhase;
			buildActionMask = 2147483647;
			files = (
			);
			inputPaths = (
			);
			outputPaths = (
			);
			runOnlyForDeploymentPostprocessing = 0;
			shellPath = /bin/sh;
			shellScript = "cd ${PROJECT_DIR}\nxcodebuild clean\nxcodebuild | xcpretty -r json-compilation-database -o compile_commands.json\noclint-json-compilation-database -e Pods --  -report-type pmd -o orclint.xml";
		};
/* End PBXShellScriptBuildPhase section */

/* Begin PBXSourcesBuildPhase section */
		2A4EF1051F5690D800F7B80B /* Sources */ = {
			isa = PBXSourcesBuildPhase;
			buildActionMask = 2147483647;
			files = (
				2A4EF1461F56968100F7B80B /* CCeairCard.m in Sources */,
				2A4EF1141F5690D800F7B80B /* ViewController.m in Sources */,
				2A4EF1111F5690D800F7B80B /* AppDelegate.m in Sources */,
				2A4EF10E1F5690D800F7B80B /* main.m in Sources */,
			);
			runOnlyForDeploymentPostprocessing = 0;
		};
		2A4EF11E1F5690D800F7B80B /* Sources */ = {
			isa = PBXSourcesBuildPhase;
			buildActionMask = 2147483647;
			files = (
				2A4EF1271F5690D800F7B80B /* TescOrclintTests.m in Sources */,
			);
			runOnlyForDeploymentPostprocessing = 0;
		};
		2A4EF1291F5690D800F7B80B /* Sources */ = {
			isa = PBXSourcesBuildPhase;
			buildActionMask = 2147483647;
			files = (
				2A4EF1321F5690D800F7B80B /* TescOrclintUITests.m in Sources */,
			);
			runOnlyForDeploymentPostprocessing = 0;
		};
/* End PBXSourcesBuildPhase section */

/* Begin PBXTargetDependency section */
		2A4EF1241F5690D800F7B80B /* PBXTargetDependency */ = {
			isa = PBXTargetDependency;
			target = 2A4EF1081F5690D800F7B80B /* TescOrclint */;
			targetProxy = 2A4EF1231F5690D800F7B80B /* PBXContainerItemProxy */;
		};
		2A4EF12F1F5690D800F7B80B /* PBXTargetDependency */ = {
			isa = PBXTargetDependency;
			target = 2A4EF1081F5690D800F7B80B /* TescOrclint */;
			targetProxy = 2A4EF12E1F5690D800F7B80B /* PBXContainerItemProxy */;
		};
/* End PBXTargetDependency section */

/* Begin PBXVariantGroup section */
		2A4EF1151F5690D800F7B80B /* Main.storyboard */ = {
			isa = PBXVariantGroup;
			children = (
				2A4EF1161F5690D800F7B80B /* Base */,
			);
			name = Main.storyboard;
			sourceTree = "<group>";
		};
		2A4EF11A1F5690D800F7B80B /* LaunchScreen.storyboard */ = {
			isa = PBXVariantGroup;
			children = (
				2A4EF11B1F5690D800F7B80B /* Base */,
			);
			name = LaunchScreen.storyboard;
			sourceTree = "<group>";
		};
/* End PBXVariantGroup section */

/* Begin XCBuildConfiguration section */
		2A4EF1341F5690D800F7B80B /* Debug */ = {
			isa = XCBuildConfiguration;
			buildSettings = {
				ALWAYS_SEARCH_USER_PATHS = NO;
				CLANG_ANALYZER_NONNULL = YES;
				CLANG_ANALYZER_NUMBER_OBJECT_CONVERSION = YES_AGGRESSIVE;
				CLANG_CXX_LANGUAGE_STANDARD = "gnu++0x";
				CLANG_CXX_LIBRARY = "libc++";
				CLANG_ENABLE_MODULES = YES;
				CLANG_ENABLE_OBJC_ARC = YES;
				CLANG_WARN_BOOL_CONVERSION = YES;
				CLANG_WARN_CONSTANT_CONVERSION = YES;
				CLANG_WARN_DIRECT_OBJC_ISA_USAGE = YES_ERROR;
				CLANG_WARN_DOCUMENTATION_COMMENTS = YES;
				CLANG_WARN_EMPTY_BODY = YES;
				CLANG_WARN_ENUM_CONVERSION = YES;
				CLANG_WARN_INFINITE_RECURSION = YES;
				CLANG_WARN_INT_CONVERSION = YES;
				CLANG_WARN_OBJC_ROOT_CLASS = YES_ERROR;
				CLANG_WARN_SUSPICIOUS_MOVE = YES;
				CLANG_WARN_UNREACHABLE_CODE = YES;
				CLANG_WARN__DUPLICATE_METHOD_MATCH = YES;
				"CODE_SIGN_IDENTITY[sdk=iphoneos*]" = "iPhone Developer";
				COPY_PHASE_STRIP = NO;
				DEBUG_INFORMATION_FORMAT = dwarf;
				ENABLE_STRICT_OBJC_MSGSEND = YES;
				ENABLE_TESTABILITY = YES;
				GCC_C_LANGUAGE_STANDARD = gnu99;
				GCC_DYNAMIC_NO_PIC = NO;
				GCC_NO_COMMON_BLOCKS = YES;
				GCC_OPTIMIZATION_LEVEL = 0;
				GCC_PREPROCESSOR_DEFINITIONS = (
					"DEBUG=1",
					"$(inherited)",
				);
				GCC_WARN_64_TO_32_BIT_CONVERSION = YES;
				GCC_WARN_ABOUT_RETURN_TYPE = YES_ERROR;
				GCC_WARN_UNDECLARED_SELECTOR = YES;
				GCC_WARN_UNINITIALIZED_AUTOS = YES_AGGRESSIVE;
				GCC_WARN_UNUSED_FUNCTION = YES;
				GCC_WARN_UNUSED_VARIABLE = YES;
				IPHONEOS_DEPLOYMENT_TARGET = 10.3;
				MTL_ENABLE_DEBUG_INFO = YES;
				ONLY_ACTIVE_ARCH = YES;
				SDKROOT = iphoneos;
				TARGETED_DEVICE_FAMILY = "1,2";
			};
			name = Debug;
		};
		2A4EF1351F5690D800F7B80B /* Release */ = {
			isa = XCBuildConfiguration;
			buildSettings = {
				ALWAYS_SEARCH_USER_PATHS = NO;
				CLANG_ANALYZER_NONNULL = YES;
				CLANG_ANALYZER_NUMBER_OBJECT_CONVERSION = YES_AGGRESSIVE;
				CLANG_CXX_LANGUAGE_STANDARD = "gnu++0x";
				CLANG_CXX_LIBRARY = "libc++";
				CLANG_ENABLE_MODULES = YES;
				CLANG_ENABLE_OBJC_ARC = YES;
				CLANG_WARN_BOOL_CONVERSION = YES;
				CLANG_WARN_CONSTANT_CONVERSION = YES;
				CLANG_WARN_DIRECT_OBJC_ISA_USAGE = YES_ERROR;
				CLANG_WARN_DOCUMENTATION_COMMENTS = YES;
				CLANG_WARN_EMPTY_BODY = YES;
				CLANG_WARN_ENUM_CONVERSION = YES;
				CLANG_WARN_INFINITE_RECURSION = YES;
				CLANG_WARN_INT_CONVERSION = YES;
				CLANG_WARN_OBJC_ROOT_CLASS = YES_ERROR;
				CLANG_WARN_SUSPICIOUS_MOVE = YES;
				CLANG_WARN_UNREACHABLE_CODE = YES;
				CLANG_WARN__DUPLICATE_METHOD_MATCH = YES;
				"CODE_SIGN_IDENTITY[sdk=iphoneos*]" = "iPhone Developer";
				COPY_PHASE_STRIP = NO;
				DEBUG_INFORMATION_FORMAT = "dwarf-with-dsym";
				ENABLE_NS_ASSERTIONS = NO;
				ENABLE_STRICT_OBJC_MSGSEND = YES;
				GCC_C_LANGUAGE_STANDARD = gnu99;
				GCC_NO_COMMON_BLOCKS = YES;
				GCC_WARN_64_TO_32_BIT_CONVERSION = YES;
				GCC_WARN_ABOUT_RETURN_TYPE = YES_ERROR;
				GCC_WARN_UNDECLARED_SELECTOR = YES;
				GCC_WARN_UNINITIALIZED_AUTOS = YES_AGGRESSIVE;
				GCC_WARN_UNUSED_FUNCTION = YES;
				GCC_WARN_UNUSED_VARIABLE = YES;
				IPHONEOS_DEPLOYMENT_TARGET = 10.3;
				MTL_ENABLE_DEBUG_INFO = NO;
				SDKROOT = iphoneos;
				TARGETED_DEVICE_FAMILY = "1,2";
				VALIDATE_PRODUCT = YES;
			};
			name = Release;
		};
		2A4EF1371F5690D800F7B80B /* Debug */ = {
			isa = XCBuildConfiguration;
			buildSettings = {
				ASSETCATALOG_COMPILER_APPICON_NAME = AppIcon;
				DEVELOPMENT_TEAM = 4C4L6T978X;
				INFOPLIST_FILE = TescOrclint/Info.plist;
				LD_RUNPATH_SEARCH_PATHS = "$(inherited) @executable_path/Frameworks";
				PRODUCT_BUNDLE_IDENTIFIER = jiawei.TescOrclint;
				PRODUCT_NAME = "$(TARGET_NAME)";
			};
			name = Debug;
		};
		2A4EF1381F5690D800F7B80B /* Release */ = {
			isa = XCBuildConfiguration;
			buildSettings = {
				ASSETCATALOG_COMPILER_APPICON_NAME = AppIcon;
				DEVELOPMENT_TEAM = 4C4L6T978X;
				INFOPLIST_FILE = TescOrclint/Info.plist;
				LD_RUNPATH_SEARCH_PATHS = "$(inherited) @executable_path/Frameworks";
				PRODUCT_BUNDLE_IDENTIFIER = jiawei.TescOrclint;
				PRODUCT_NAME = "$(TARGET_NAME)";
			};
			name = Release;
		};
		2A4EF13A1F5690D800F7B80B /* Debug */ = {
			isa = XCBuildConfiguration;
			buildSettings = {
				BUNDLE_LOADER = "$(TEST_HOST)";
				INFOPLIST_FILE = TescOrclintTests/Info.plist;
				LD_RUNPATH_SEARCH_PATHS = "$(inherited) @executable_path/Frameworks @loader_path/Frameworks";
				PRODUCT_BUNDLE_IDENTIFIER = jiawei.TescOrclintTests;
				PRODUCT_NAME = "$(TARGET_NAME)";
				TEST_HOST = "$(BUILT_PRODUCTS_DIR)/TescOrclint.app/TescOrclint";
			};
			name = Debug;
		};
		2A4EF13B1F5690D800F7B80B /* Release */ = {
			isa = XCBuildConfiguration;
			buildSettings = {
				BUNDLE_LOADER = "$(TEST_HOST)";
				INFOPLIST_FILE = TescOrclintTests/Info.plist;
				LD_RUNPATH_SEARCH_PATHS = "$(inherited) @executable_path/Frameworks @loader_path/Frameworks";
				PRODUCT_BUNDLE_IDENTIFIER = jiawei.TescOrclintTests;
				PRODUCT_NAME = "$(TARGET_NAME)";
				TEST_HOST = "$(BUILT_PRODUCTS_DIR)/TescOrclint.app/TescOrclint";
			};
			name = Release;
		};
		2A4EF13D1F5690D800F7B80B /* Debug */ = {
			isa = XCBuildConfiguration;
			buildSettings = {
				INFOPLIST_FILE = TescOrclintUITests/Info.plist;
				LD_RUNPATH_SEARCH_PATHS = "$(inherited) @executable_path/Frameworks @loader_path/Frameworks";
				PRODUCT_BUNDLE_IDENTIFIER = jiawei.TescOrclintUITests;
				PRODUCT_NAME = "$(TARGET_NAME)";
				TEST_TARGET_NAME = TescOrclint;
			};
			name = Debug;
		};
		2A4EF13E1F5690D800F7B80B /* Release */ = {
			isa = XCBuildConfiguration;
			buildSettings = {
				INFOPLIST_FILE = TescOrclintUITests/Info.plist;
				LD_RUNPATH_SEARCH_PATHS = "$(inherited) @executable_path/Frameworks @loader_path/Frameworks";
				PRODUCT_BUNDLE_IDENTIFIER = jiawei.TescOrclintUITests;
				PRODUCT_NAME = "$(TARGET_NAME)";
				TEST_TARGET_NAME = TescOrclint;
			};
			name = Release;
		};
		2A4EF1411F56910500F7B80B /* Debug */ = {
			isa = XCBuildConfiguration;
			buildSettings = {
				PRODUCT_NAME = "$(TARGET_NAME)";
			};
			name = Debug;
		};
		2A4EF1421F56910500F7B80B /* Release */ = {
			isa = XCBuildConfiguration;
			buildSettings = {
				PRODUCT_NAME = "$(TARGET_NAME)";
			};
			name = Release;
		};
/* End XCBuildConfiguration section */

/* Begin XCConfigurationList section */
		2A4EF1041F5690D800F7B80B /* Build configuration list for PBXProject "TescOrclint" */ = {
			isa = XCConfigurationList;
			buildConfigurations = (
				2A4EF1341F5690D800F7B80B /* Debug */,
				2A4EF1351F5690D800F7B80B /* Release */,
			);
			defaultConfigurationIsVisible = 0;
			defaultConfigurationName = Release;
		};
		2A4EF1361F5690D800F7B80B /* Build configuration list for PBXNativeTarget "TescOrclint" */ = {
			isa = XCConfigurationList;
			buildConfigurations = (
				2A4EF1371F5690D800F7B80B /* Debug */,
				2A4EF1381F5690D800F7B80B /* Release */,
			);
			defaultConfigurationIsVisible = 0;
			defaultConfigurationName = Release;
		};
		2A4EF1391F5690D800F7B80B /* Build configuration list for PBXNativeTarget "TescOrclintTests" */ = {
			isa = XCConfigurationList;
			buildConfigurations = (
				2A4EF13A1F5690D800F7B80B /* Debug */,
				2A4EF13B1F5690D800F7B80B /* Release */,
			);
			defaultConfigurationIsVisible = 0;
			defaultConfigurationName = Release;
		};
		2A4EF13C1F5690D800F7B80B /* Build configuration list for PBXNativeTarget "TescOrclintUITests" */ = {
			isa = XCConfigurationList;
			buildConfigurations = (
				2A4EF13D1F5690D800F7B80B /* Debug */,
				2A4EF13E1F5690D800F7B80B /* Release */,
			);
			defaultConfigurationIsVisible = 0;
			defaultConfigurationName = Release;
		};
		2A4EF1401F56910500F7B80B /* Build configuration list for PBXAggregateTarget "Orclint" */ = {
			isa = XCConfigurationList;
			buildConfigurations = (
				2A4EF1411F56910500F7B80B /* Debug */,
				2A4EF1421F56910500F7B80B /* Release */,
			);
			defaultConfigurationIsVisible = 0;
			defaultConfigurationName = Release;
		};
/* End XCConfigurationList section */
	};
	rootObject = 2A4EF1011F5690D800F7B80B /* Project object */;
}
